
Microsoft Visual Studio Solution File, Format Version 12.00
# Visual Studio Version 17
VisualStudioVersion = 17.12.35527.113
MinimumVisualStudioVersion = 10.0.40219.1
Project("{2150E333-8FDC-42A3-9474-1A3956D46DE8}") = "Feature", "Feature", "{E25646AE-9814-4AFF-A656-2840ADB40D97}"
EndProject
Project("{2150E333-8FDC-42A3-9474-1A3956D46DE8}") = "Foundation", "Foundation", "{9572F0EB-C787-4247-822C-5C9E822C0127}"
EndProject
Project("{2150E333-8FDC-42A3-9474-1A3956D46DE8}") = "Project", "Project", "{3D3CFDE5-734E-4D7E-88FB-0A09AF4C31E9}"
EndProject
Project("{2150E333-8FDC-42A3-9474-1A3956D46DE8}") = "Configuration", "Configuration", "{DCF27897-84E2-423F-B718-44327CF7B6E0}"
	ProjectSection(SolutionItems) = preProject
		sitecore.json = sitecore.json
	EndProjectSection
EndProject
Project("{2150E333-8FDC-42A3-9474-1A3956D46DE8}") = "Main", "Main", "{B65C5421-3943-40FC-BF65-4C638E6C12D1}"
EndProject
Project("{FAE04EC0-301F-11D3-BF4B-00C04F79EFBC}") = "MySite.Project.Main", "src\Project\Main\code\MySite.Project.Main\MySite.Project.Main.csproj", "{48CA82F3-259C-4252-8113-2DE6B2C6D22B}"
EndProject
Project("{2150E333-8FDC-42A3-9474-1A3956D46DE8}") = "Navigation", "Navigation", "{99EC8B22-CE83-4CC0-A73D-233C4B0D9F34}"
EndProject
Project("{2150E333-8FDC-42A3-9474-1A3956D46DE8}") = "Slider", "Slider", "{15CBE83C-7A32-482A-B7F5-58CD2CFC9E9F}"
EndProject
Project("{2150E333-8FDC-42A3-9474-1A3956D46DE8}") = "Website", "Website", "{63D3B9DC-0DE7-4509-A64B-E99E15BB9643}"
EndProject
Project("{2150E333-8FDC-42A3-9474-1A3956D46DE8}") = "Publishing", "Publishing", "{646501CE-A281-4647-B548-6CBAAE82CA40}"
EndProject
Project("{2150E333-8FDC-42A3-9474-1A3956D46DE8}") = "PageContent", "PageContent", "{1038EDED-FCA1-4F2B-9043-AB2809C68818}"
EndProject
Project("{2150E333-8FDC-42A3-9474-1A3956D46DE8}") = "Search", "Search", "{15317756-7F0B-45CC-BCB8-A36DA23F342F}"
EndProject
Project("{2150E333-8FDC-42A3-9474-1A3956D46DE8}") = "ORM", "ORM", "{CDEEE824-ECE8-499C-B6AF-8FAFEE3395D3}"
EndProject
Project("{2150E333-8FDC-42A3-9474-1A3956D46DE8}") = "Serialization", "Serialization", "{CD096C90-7D63-4F45-B178-1C0D06F08F47}"
	ProjectSection(SolutionItems) = preProject
		src\Project\Project.Main.content.module.json = src\Project\Project.Main.content.module.json
		src\Project\Project.Main.module.json = src\Project\Project.Main.module.json
	EndProjectSection
EndProject
Project("{2150E333-8FDC-42A3-9474-1A3956D46DE8}") = "Email", "Email", "{E311E8BC-03CB-4D8B-93AE-474DF66256D2}"
EndProject
Project("{FAE04EC0-301F-11D3-BF4B-00C04F79EFBC}") = "MySite.Feature.Navigation", "src\Feature\Navigation\code\MySite.Feature.Navigation.csproj", "{F36651A0-8B80-4B38-8C4D-3D1CFB018FEC}"
EndProject
Project("{FAE04EC0-301F-11D3-BF4B-00C04F79EFBC}") = "MySite.Feature.PageContent", "src\Feature\Pagecontent\code\MySite.Feature.PageContent.csproj", "{401AF3A8-DB14-45C2-8222-2AE36CCBCB7E}"
EndProject
Project("{FAE04EC0-301F-11D3-BF4B-00C04F79EFBC}") = "MySite.Feature.Search", "src\Feature\Search\code\MySite.Feature.Search.csproj", "{71DA04FA-1F8A-49D3-A85E-EE66820F5C32}"
EndProject
Project("{FAE04EC0-301F-11D3-BF4B-00C04F79EFBC}") = "MySite.Feature.Slider", "src\Feature\Slider\code\MySite.Feature.Slider.csproj", "{0114D8F9-ABF3-4748-90B0-932C926EBB00}"
EndProject
Project("{FAE04EC0-301F-11D3-BF4B-00C04F79EFBC}") = "MySite.Foundation.Email", "src\Foundation\Email\code\MySite.Foundation.Email.csproj", "{F446147E-FF7D-44ED-AE15-8BD0C3AAE19A}"
EndProject
Project("{FAE04EC0-301F-11D3-BF4B-00C04F79EFBC}") = "MySite.Foundation.ORM", "src\Foundation\ORM\code\MySite.Foundation.ORM.csproj", "{803EFD90-F014-4EA2-8948-21EF9BF08D3A}"
EndProject
Project("{FAE04EC0-301F-11D3-BF4B-00C04F79EFBC}") = "MySite.Website.Publishing", "src\Project\Publishing\code\MySite.Website.Publishing.csproj", "{4789FB9B-5A05-4832-8B2A-049BA418EA1F}"
EndProject
Global
	GlobalSection(SolutionConfigurationPlatforms) = preSolution
		Debug|Any CPU = Debug|Any CPU
		Release|Any CPU = Release|Any CPU
	EndGlobalSection
	GlobalSection(ProjectConfigurationPlatforms) = postSolution
		{48CA82F3-259C-4252-8113-2DE6B2C6D22B}.Debug|Any CPU.ActiveCfg = Debug|Any CPU
		{48CA82F3-259C-4252-8113-2DE6B2C6D22B}.Debug|Any CPU.Build.0 = Debug|Any CPU
		{48CA82F3-259C-4252-8113-2DE6B2C6D22B}.Release|Any CPU.ActiveCfg = Release|Any CPU
		{48CA82F3-259C-4252-8113-2DE6B2C6D22B}.Release|Any CPU.Build.0 = Release|Any CPU
		{F36651A0-8B80-4B38-8C4D-3D1CFB018FEC}.Debug|Any CPU.ActiveCfg = Debug|Any CPU
		{F36651A0-8B80-4B38-8C4D-3D1CFB018FEC}.Debug|Any CPU.Build.0 = Debug|Any CPU
		{F36651A0-8B80-4B38-8C4D-3D1CFB018FEC}.Release|Any CPU.ActiveCfg = Release|Any CPU
		{F36651A0-8B80-4B38-8C4D-3D1CFB018FEC}.Release|Any CPU.Build.0 = Release|Any CPU
		{401AF3A8-DB14-45C2-8222-2AE36CCBCB7E}.Debug|Any CPU.ActiveCfg = Debug|Any CPU
		{401AF3A8-DB14-45C2-8222-2AE36CCBCB7E}.Debug|Any CPU.Build.0 = Debug|Any CPU
		{401AF3A8-DB14-45C2-8222-2AE36CCBCB7E}.Release|Any CPU.ActiveCfg = Release|Any CPU
		{401AF3A8-DB14-45C2-8222-2AE36CCBCB7E}.Release|Any CPU.Build.0 = Release|Any CPU
		{71DA04FA-1F8A-49D3-A85E-EE66820F5C32}.Debug|Any CPU.ActiveCfg = Debug|Any CPU
		{71DA04FA-1F8A-49D3-A85E-EE66820F5C32}.Debug|Any CPU.Build.0 = Debug|Any CPU
		{71DA04FA-1F8A-49D3-A85E-EE66820F5C32}.Release|Any CPU.ActiveCfg = Release|Any CPU
		{71DA04FA-1F8A-49D3-A85E-EE66820F5C32}.Release|Any CPU.Build.0 = Release|Any CPU
		{0114D8F9-ABF3-4748-90B0-932C926EBB00}.Debug|Any CPU.ActiveCfg = Debug|Any CPU
		{0114D8F9-ABF3-4748-90B0-932C926EBB00}.Debug|Any CPU.Build.0 = Debug|Any CPU
		{0114D8F9-ABF3-4748-90B0-932C926EBB00}.Release|Any CPU.ActiveCfg = Release|Any CPU
		{0114D8F9-ABF3-4748-90B0-932C926EBB00}.Release|Any CPU.Build.0 = Release|Any CPU
		{F446147E-FF7D-44ED-AE15-8BD0C3AAE19A}.Debug|Any CPU.ActiveCfg = Debug|Any CPU
		{F446147E-FF7D-44ED-AE15-8BD0C3AAE19A}.Debug|Any CPU.Build.0 = Debug|Any CPU
		{F446147E-FF7D-44ED-AE15-8BD0C3AAE19A}.Release|Any CPU.ActiveCfg = Release|Any CPU
		{F446147E-FF7D-44ED-AE15-8BD0C3AAE19A}.Release|Any CPU.Build.0 = Release|Any CPU
		{803EFD90-F014-4EA2-8948-21EF9BF08D3A}.Debug|Any CPU.ActiveCfg = Debug|Any CPU
		{803EFD90-F014-4EA2-8948-21EF9BF08D3A}.Debug|Any CPU.Build.0 = Debug|Any CPU
		{803EFD90-F014-4EA2-8948-21EF9BF08D3A}.Release|Any CPU.ActiveCfg = Release|Any CPU
		{803EFD90-F014-4EA2-8948-21EF9BF08D3A}.Release|Any CPU.Build.0 = Release|Any CPU
		{4789FB9B-5A05-4832-8B2A-049BA418EA1F}.Debug|Any CPU.ActiveCfg = Debug|Any CPU
		{4789FB9B-5A05-4832-8B2A-049BA418EA1F}.Debug|Any CPU.Build.0 = Debug|Any CPU
		{4789FB9B-5A05-4832-8B2A-049BA418EA1F}.Release|Any CPU.ActiveCfg = Release|Any CPU
		{4789FB9B-5A05-4832-8B2A-049BA418EA1F}.Release|Any CPU.Build.0 = Release|Any CPU
	EndGlobalSection
	GlobalSection(SolutionProperties) = preSolution
		HideSolutionNode = FALSE
	EndGlobalSection
	GlobalSection(NestedProjects) = preSolution
		{B65C5421-3943-40FC-BF65-4C638E6C12D1} = {3D3CFDE5-734E-4D7E-88FB-0A09AF4C31E9}
		{48CA82F3-259C-4252-8113-2DE6B2C6D22B} = {B65C5421-3943-40FC-BF65-4C638E6C12D1}
		{99EC8B22-CE83-4CC0-A73D-233C4B0D9F34} = {E25646AE-9814-4AFF-A656-2840ADB40D97}
		{15CBE83C-7A32-482A-B7F5-58CD2CFC9E9F} = {E25646AE-9814-4AFF-A656-2840ADB40D97}
		{646501CE-A281-4647-B548-6CBAAE82CA40} = {63D3B9DC-0DE7-4509-A64B-E99E15BB9643}
		{1038EDED-FCA1-4F2B-9043-AB2809C68818} = {E25646AE-9814-4AFF-A656-2840ADB40D97}
		{15317756-7F0B-45CC-BCB8-A36DA23F342F} = {E25646AE-9814-4AFF-A656-2840ADB40D97}
		{CDEEE824-ECE8-499C-B6AF-8FAFEE3395D3} = {9572F0EB-C787-4247-822C-5C9E822C0127}
		{CD096C90-7D63-4F45-B178-1C0D06F08F47} = {DCF27897-84E2-423F-B718-44327CF7B6E0}
		{E311E8BC-03CB-4D8B-93AE-474DF66256D2} = {9572F0EB-C787-4247-822C-5C9E822C0127}
		{F36651A0-8B80-4B38-8C4D-3D1CFB018FEC} = {99EC8B22-CE83-4CC0-A73D-233C4B0D9F34}
		{401AF3A8-DB14-45C2-8222-2AE36CCBCB7E} = {1038EDED-FCA1-4F2B-9043-AB2809C68818}
		{71DA04FA-1F8A-49D3-A85E-EE66820F5C32} = {15317756-7F0B-45CC-BCB8-A36DA23F342F}
		{0114D8F9-ABF3-4748-90B0-932C926EBB00} = {15CBE83C-7A32-482A-B7F5-58CD2CFC9E9F}
		{F446147E-FF7D-44ED-AE15-8BD0C3AAE19A} = {E311E8BC-03CB-4D8B-93AE-474DF66256D2}
		{803EFD90-F014-4EA2-8948-21EF9BF08D3A} = {CDEEE824-ECE8-499C-B6AF-8FAFEE3395D3}
		{4789FB9B-5A05-4832-8B2A-049BA418EA1F} = {646501CE-A281-4647-B548-6CBAAE82CA40}
	EndGlobalSection
EndGlobal
